{
  "name": "tabbar",
  "version": "1.0.0",
  "lockfileVersion": 1,
  "requires": true,
  "dependencies": {
    "@material/animation": {
      "version": "0.41.0",
      "resolved": "https://registry.npmjs.org/@material/animation/-/animation-0.41.0.tgz",
      "integrity": "sha512-yYAwJbX3Q2AFd4dr6IYOsWLQy2HN8zWOFVl9AbUXunjzTfJCa/ecfXCriaT6qkmoNoHeTdJHRrsQJZC5GsPvzA=="
    },
    "@material/base": {
      "version": "0.41.0",
      "resolved": "https://registry.npmjs.org/@material/base/-/base-0.41.0.tgz",
      "integrity": "sha512-tEyzwBRu3d1H120SfKsDVYZHcqT5lKohh/7cWKR93aAaPDkSvjpKJIjyu2yuSkjpDduVZGzVocYbOvhUKhhzXQ=="
    },
    "@material/elevation": {
      "version": "0.43.0",
      "resolved": "https://registry.npmjs.org/@material/elevation/-/elevation-0.43.0.tgz",
      "integrity": "sha512-/OM+7HVS26hCa+AU0dfD/cdEkj2ssYNYIWwmqUVVJUIhB4v/xRsfnCf0Z1KXGtXU+V3AhHp8T9q5LHDzrkOvnA==",
      "requires": {
        "@material/animation": "^0.41.0",
        "@material/theme": "^0.43.0"
      }
    },
    "@material/ripple": {
      "version": "0.43.0",
      "resolved": "https://registry.npmjs.org/@material/ripple/-/ripple-0.43.0.tgz",
      "integrity": "sha512-5X5xJtE1tM5QYrsvIe5coZNk7nt++vi40CDBVxS2abO+83ky91I5mH/djcm0vcSFmkHM/QOymEQBR3XDjA3XXQ==",
      "requires": {
        "@material/animation": "^0.41.0",
        "@material/base": "^0.41.0",
        "@material/theme": "^0.43.0"
      }
    },
    "@material/rtl": {
      "version": "0.42.0",
      "resolved": "https://registry.npmjs.org/@material/rtl/-/rtl-0.42.0.tgz",
      "integrity": "sha512-VrnrKJzhmspsN8WXHuxxBZ69yM5IwhCUqWr1t1eNfw3ZEvEj7i1g3P31HGowKThIN1dc1Wh4LE14rCISWCtv5w=="
    },
    "@material/tab": {
      "version": "0.43.0",
      "resolved": "https://registry.npmjs.org/@material/tab/-/tab-0.43.0.tgz",
      "integrity": "sha512-qtExhAY/ycHtTuj0YylZxMbujeMH/G1D5P3tOqS1ad/OgAUX1QgBbxhz9OOjEbrrUo/qmuFM7RMYtWOPZuQHLw==",
      "requires": {
        "@material/base": "^0.41.0",
        "@material/ripple": "^0.43.0",
        "@material/rtl": "^0.42.0",
        "@material/tab-indicator": "^0.43.0",
        "@material/theme": "^0.43.0",
        "@material/typography": "^0.43.0"
      }
    },
    "@material/tab-bar": {
      "version": "0.43.1",
      "resolved": "https://registry.npmjs.org/@material/tab-bar/-/tab-bar-0.43.1.tgz",
      "integrity": "sha512-V473tg/nasdtbpmzurvAFt1CbETYaa9QXkBFkHi4tfqF6JnCBPHkw2LQHF/5a1Aa+cbmwmmZBv/dmrEywRqWPQ==",
      "requires": {
        "@material/base": "^0.41.0",
        "@material/elevation": "^0.43.0",
        "@material/tab": "^0.43.0",
        "@material/tab-scroller": "^0.43.1"
      }
    },
    "@material/tab-indicator": {
      "version": "0.43.0",
      "resolved": "https://registry.npmjs.org/@material/tab-indicator/-/tab-indicator-0.43.0.tgz",
      "integrity": "sha512-RMNMQpWYghWpM6d0ayfuHEPzTiebKG0bMthViiD6tly8PubmOT8mShNhPm8ihybhDPUOLSz+7V4QNE5wikLEYg==",
      "requires": {
        "@material/animation": "^0.41.0",
        "@material/base": "^0.41.0",
        "@material/theme": "^0.43.0"
      }
    },
    "@material/tab-scroller": {
      "version": "0.43.1",
      "resolved": "https://registry.npmjs.org/@material/tab-scroller/-/tab-scroller-0.43.1.tgz",
      "integrity": "sha512-9FuNTxLO0jqnr17VvDFiGlLcZMSltGo+3G57eEHql67ZFAZ+zy+hiK/38/I45a0Dq/qtDbdEU/YjwZM+vplo+A==",
      "requires": {
        "@material/animation": "^0.41.0",
        "@material/base": "^0.41.0",
        "@material/tab": "^0.43.0"
      }
    },
    "@material/theme": {
      "version": "0.43.0",
      "resolved": "https://registry.npmjs.org/@material/theme/-/theme-0.43.0.tgz",
      "integrity": "sha512-/zndZL6EihI18v2mYd4O8xvOBAAXmLeHyHVK28LozSAaJ9okQgD25wq5Ktk95oMTmPIC+rH66KcK6371ivNk8g=="
    },
    "@material/typography": {
      "version": "0.43.0",
      "resolved": "https://registry.npmjs.org/@material/typography/-/typography-0.43.0.tgz",
      "integrity": "sha512-WSg8vDoC2rnmOWbhNdDmSoT1jV0QQSw7CFps1DFbnIe57UaUxgWuGdhc+9XlEPctXUFto4FU4DfnRcdW4ydAig=="
    }
  }
}
